
Microsoft Visual Studio Solution File, Format Version 12.00
# Visual Studio Version 17
VisualStudioVersion = 17.14.36717.8 d17.14
MinimumVisualStudioVersion = 10.0.40219.1
Project("{FAE04EC0-301F-11D3-BF4B-00C04F79EFBC}") = "HttpNewsPAT", "HttpNewsPAT\HttpNewsPAT.csproj", "{D84E87DE-75D2-4A2D-A9C7-2897D763CD89}"
EndProject
Global
	GlobalSection(SolutionConfigurationPlatforms) = preSolution
		Debug|Any CPU = Debug|Any CPU
		Release|Any CPU = Release|Any CPU
	EndGlobalSection
	GlobalSection(ProjectConfigurationPlatforms) = postSolution
		{D84E87DE-75D2-4A2D-A9C7-2897D763CD89}.Debug|Any CPU.ActiveCfg = Debug|Any CPU
		{D84E87DE-75D2-4A2D-A9C7-2897D763CD89}.Debug|Any CPU.Build.0 = Debug|Any CPU
		{D84E87DE-75D2-4A2D-A9C7-2897D763CD89}.Release|Any CPU.ActiveCfg = Release|Any CPU
		{D84E87DE-75D2-4A2D-A9C7-2897D763CD89}.Release|Any CPU.Build.0 = Release|Any CPU
	EndGlobalSection
	GlobalSection(SolutionProperties) = preSolution
		HideSolutionNode = FALSE
	EndGlobalSection
	GlobalSection(ExtensibilityGlobals) = postSolution
		SolutionGuid = {904DCF43-8295-4D10-B7C8-B2844734BCCC}
	EndGlobalSection
EndGlobal
